
Microsoft Visual Studio Solution File, Format Version 12.00
Project("{2150E333-8FDC-42A3-9474-1A3956D46DE8}") = "src", "src", "{382CBE94-80D1-486A-9D7F-638E97EEC512}"
EndProject
Project("{2150E333-8FDC-42A3-9474-1A3956D46DE8}") = "Core", "Core", "{97FED291-B4A6-453C-9512-4138341868A0}"
EndProject
Project("{2150E333-8FDC-42A3-9474-1A3956D46DE8}") = "Infrastructure", "Infrastructure", "{A2F8BAF5-DD7B-46D4-B4A5-1592F6965ED4}"
EndProject
Project("{2150E333-8FDC-42A3-9474-1A3956D46DE8}") = "Presentation", "Presentation", "{4B8E6E1B-7EEA-41F6-9C86-F8338088932B}"
EndProject
Project("{FAE04EC0-301F-11D3-BF4B-00C04F79EFBC}") = "Domain", "src\Core\Domain\Domain.csproj", "{28CD16D5-1AD6-4482-9C30-314D3997C742}"
EndProject
Project("{FAE04EC0-301F-11D3-BF4B-00C04F79EFBC}") = "Application", "src\Core\Application\Application.csproj", "{B0A27E4A-B87B-405B-93AC-5FA0B7A6E5B5}"
EndProject
Project("{FAE04EC0-301F-11D3-BF4B-00C04F79EFBC}") = "Persistence", "src\Infrastructure\Persistence\Persistence.csproj", "{C7868E5A-7513-4527-8761-EE9D71FDF11C}"
EndProject
Project("{FAE04EC0-301F-11D3-BF4B-00C04F79EFBC}") = "DashboardsAndAnalyticsService", "src\Presentation\DashboardsAndAnalyticsService\DashboardsAndAnalyticsService.csproj", "{75349739-082D-453F-8489-37C9ED5AFD16}"
EndProject
Project("{FAE04EC0-301F-11D3-BF4B-00C04F79EFBC}") = "Controllers", "src\Presentation\Controllers\Controllers.csproj", "{22C722A4-1646-4D97-9D03-5FB50F61E983}"
EndProject
Project("{FAE04EC0-301F-11D3-BF4B-00C04F79EFBC}") = "Atos.Core", "..\Atos.Core\src\Atos.Core\Atos.Core.csproj", "{B62DCADE-EE59-4361-BC82-607B38652F36}"
EndProject
Project("{2150E333-8FDC-42A3-9474-1A3956D46DE8}") = "IoC", "IoC", "{52239EFA-DC15-424B-8743-4A71DC00F3FF}"
EndProject
Project("{FAE04EC0-301F-11D3-BF4B-00C04F79EFBC}") = "IoC", "src\IoC\IoC\IoC.csproj", "{AFC956F8-644E-4C5F-A734-9ABFB4750171}"
EndProject
Global
	GlobalSection(SolutionConfigurationPlatforms) = preSolution
		Debug|Any CPU = Debug|Any CPU
		Release|Any CPU = Release|Any CPU
	EndGlobalSection
	GlobalSection(NestedProjects) = preSolution
		{97FED291-B4A6-453C-9512-4138341868A0} = {382CBE94-80D1-486A-9D7F-638E97EEC512}
		{A2F8BAF5-DD7B-46D4-B4A5-1592F6965ED4} = {382CBE94-80D1-486A-9D7F-638E97EEC512}
		{4B8E6E1B-7EEA-41F6-9C86-F8338088932B} = {382CBE94-80D1-486A-9D7F-638E97EEC512}
		{28CD16D5-1AD6-4482-9C30-314D3997C742} = {97FED291-B4A6-453C-9512-4138341868A0}
		{B0A27E4A-B87B-405B-93AC-5FA0B7A6E5B5} = {97FED291-B4A6-453C-9512-4138341868A0}
		{C7868E5A-7513-4527-8761-EE9D71FDF11C} = {A2F8BAF5-DD7B-46D4-B4A5-1592F6965ED4}
		{75349739-082D-453F-8489-37C9ED5AFD16} = {4B8E6E1B-7EEA-41F6-9C86-F8338088932B}
		{22C722A4-1646-4D97-9D03-5FB50F61E983} = {4B8E6E1B-7EEA-41F6-9C86-F8338088932B}
		{52239EFA-DC15-424B-8743-4A71DC00F3FF} = {382CBE94-80D1-486A-9D7F-638E97EEC512}
		{AFC956F8-644E-4C5F-A734-9ABFB4750171} = {52239EFA-DC15-424B-8743-4A71DC00F3FF}
	EndGlobalSection
	GlobalSection(ProjectConfigurationPlatforms) = postSolution
		{28CD16D5-1AD6-4482-9C30-314D3997C742}.Debug|Any CPU.ActiveCfg = Debug|Any CPU
		{28CD16D5-1AD6-4482-9C30-314D3997C742}.Debug|Any CPU.Build.0 = Debug|Any CPU
		{28CD16D5-1AD6-4482-9C30-314D3997C742}.Release|Any CPU.ActiveCfg = Release|Any CPU
		{28CD16D5-1AD6-4482-9C30-314D3997C742}.Release|Any CPU.Build.0 = Release|Any CPU
		{B0A27E4A-B87B-405B-93AC-5FA0B7A6E5B5}.Debug|Any CPU.ActiveCfg = Debug|Any CPU
		{B0A27E4A-B87B-405B-93AC-5FA0B7A6E5B5}.Debug|Any CPU.Build.0 = Debug|Any CPU
		{B0A27E4A-B87B-405B-93AC-5FA0B7A6E5B5}.Release|Any CPU.ActiveCfg = Release|Any CPU
		{B0A27E4A-B87B-405B-93AC-5FA0B7A6E5B5}.Release|Any CPU.Build.0 = Release|Any CPU
		{C7868E5A-7513-4527-8761-EE9D71FDF11C}.Debug|Any CPU.ActiveCfg = Debug|Any CPU
		{C7868E5A-7513-4527-8761-EE9D71FDF11C}.Debug|Any CPU.Build.0 = Debug|Any CPU
		{C7868E5A-7513-4527-8761-EE9D71FDF11C}.Release|Any CPU.ActiveCfg = Release|Any CPU
		{C7868E5A-7513-4527-8761-EE9D71FDF11C}.Release|Any CPU.Build.0 = Release|Any CPU
		{75349739-082D-453F-8489-37C9ED5AFD16}.Debug|Any CPU.ActiveCfg = Debug|Any CPU
		{75349739-082D-453F-8489-37C9ED5AFD16}.Debug|Any CPU.Build.0 = Debug|Any CPU
		{75349739-082D-453F-8489-37C9ED5AFD16}.Release|Any CPU.ActiveCfg = Release|Any CPU
		{75349739-082D-453F-8489-37C9ED5AFD16}.Release|Any CPU.Build.0 = Release|Any CPU
		{22C722A4-1646-4D97-9D03-5FB50F61E983}.Debug|Any CPU.ActiveCfg = Debug|Any CPU
		{22C722A4-1646-4D97-9D03-5FB50F61E983}.Debug|Any CPU.Build.0 = Debug|Any CPU
		{22C722A4-1646-4D97-9D03-5FB50F61E983}.Release|Any CPU.ActiveCfg = Release|Any CPU
		{22C722A4-1646-4D97-9D03-5FB50F61E983}.Release|Any CPU.Build.0 = Release|Any CPU
		{B62DCADE-EE59-4361-BC82-607B38652F36}.Debug|Any CPU.ActiveCfg = Debug|Any CPU
		{B62DCADE-EE59-4361-BC82-607B38652F36}.Debug|Any CPU.Build.0 = Debug|Any CPU
		{B62DCADE-EE59-4361-BC82-607B38652F36}.Release|Any CPU.ActiveCfg = Release|Any CPU
		{B62DCADE-EE59-4361-BC82-607B38652F36}.Release|Any CPU.Build.0 = Release|Any CPU
		{AFC956F8-644E-4C5F-A734-9ABFB4750171}.Debug|Any CPU.ActiveCfg = Debug|Any CPU
		{AFC956F8-644E-4C5F-A734-9ABFB4750171}.Debug|Any CPU.Build.0 = Debug|Any CPU
		{AFC956F8-644E-4C5F-A734-9ABFB4750171}.Release|Any CPU.ActiveCfg = Release|Any CPU
		{AFC956F8-644E-4C5F-A734-9ABFB4750171}.Release|Any CPU.Build.0 = Release|Any CPU
	EndGlobalSection
EndGlobal
